
Microsoft Visual Studio Solution File, Format Version 12.00
# Visual Studio Version 17
VisualStudioVersion = 17.3.32819.101
MinimumVisualStudioVersion = 10.0.40219.1
Project("{FAE04EC0-301F-11D3-BF4B-00C04F79EFBC}") = "DanielKaarur_CSharp2_06", "DanielKaarur_CSharp2_06.csproj", "{8E60BC3D-A4E3-495F-8BC7-625CBAB1083E}"
EndProject
Global
	GlobalSection(SolutionConfigurationPlatforms) = preSolution
		Debug|Any CPU = Debug|Any CPU
		Release|Any CPU = Release|Any CPU
	EndGlobalSection
	GlobalSection(ProjectConfigurationPlatforms) = postSolution
		{8E60BC3D-A4E3-495F-8BC7-625CBAB1083E}.Debug|Any CPU.ActiveCfg = Debug|Any CPU
		{8E60BC3D-A4E3-495F-8BC7-625CBAB1083E}.Debug|Any CPU.Build.0 = Debug|Any CPU
		{8E60BC3D-A4E3-495F-8BC7-625CBAB1083E}.Release|Any CPU.ActiveCfg = Release|Any CPU
		{8E60BC3D-A4E3-495F-8BC7-625CBAB1083E}.Release|Any CPU.Build.0 = Release|Any CPU
	EndGlobalSection
	GlobalSection(SolutionProperties) = preSolution
		HideSolutionNode = FALSE
	EndGlobalSection
	GlobalSection(ExtensibilityGlobals) = postSolution
		SolutionGuid = {7CF3035B-D10F-48CB-AE47-FB7B55E6825D}
	EndGlobalSection
EndGlobal
